// !$*UTF8*$!
{
	archiveVersion = 1;
	classes = {
	};
	objectVersion = 50;
	objects = {

/* Begin PBXBuildFile section */
		6E3ADB3C26C858990001AA54 /* AppDelegate.swift in Sources */ = {isa = PBXBuildFile; fileRef = 6E3ADB3B26C858990001AA54 /* AppDelegate.swift */; };
		6E3ADB3E26C858990001AA54 /* SceneDelegate.swift in Sources */ = {isa = PBXBuildFile; fileRef = 6E3ADB3D26C858990001AA54 /* SceneDelegate.swift */; };
		6E3ADB5126C858CB0001AA54 /* Main.storyboard in Resources */ = {isa = PBXBuildFile; fileRef = 6E3ADB5026C858CB0001AA54 /* Main.storyboard */; };
		6E3ADB5526C858F20001AA54 /* Question.swift in Sources */ = {isa = PBXBuildFile; fileRef = 6E3ADB5326C858F10001AA54 /* Question.swift */; };
		6E3ADB5626C858F20001AA54 /* QuizBrain.swift in Sources */ = {isa = PBXBuildFile; fileRef = 6E3ADB5426C858F20001AA54 /* QuizBrain.swift */; };
		6E3ADB5926C859110001AA54 /* ViewController.swift in Sources */ = {isa = PBXBuildFile; fileRef = 6E3ADB5826C859110001AA54 /* ViewController.swift */; };
		6E3ADB5B26C859210001AA54 /* LaunchScreen.storyboard in Resources */ = {isa = PBXBuildFile; fileRef = 6E3ADB5A26C859210001AA54 /* LaunchScreen.storyboard */; };
		6E3ADB5D26C859330001AA54 /* Assets.xcassets in Resources */ = {isa = PBXBuildFile; fileRef = 6E3ADB5C26C859320001AA54 /* Assets.xcassets */; };
/* End PBXBuildFile section */

/* Begin PBXFileReference section */
		6E3ADB3826C858990001AA54 /* quizzler.app */ = {isa = PBXFileReference; explicitFileType = wrapper.application; includeInIndex = 0; path = quizzler.app; sourceTree = BUILT_PRODUCTS_DIR; };
		6E3ADB3B26C858990001AA54 /* AppDelegate.swift */ = {isa = PBXFileReference; lastKnownFileType = sourcecode.swift; path = AppDelegate.swift; sourceTree = "<group>"; };
		6E3ADB3D26C858990001AA54 /* SceneDelegate.swift */ = {isa = PBXFileReference; lastKnownFileType = sourcecode.swift; path = SceneDelegate.swift; sourceTree = "<group>"; };
		6E3ADB4926C8589B0001AA54 /* Info.plist */ = {isa = PBXFileReference; lastKnownFileType = text.plist.xml; path = Info.plist; sourceTree = "<group>"; };
		6E3ADB5026C858CB0001AA54 /* Main.storyboard */ = {isa = PBXFileReference; fileEncoding = 4; lastKnownFileType = file.storyboard; path = Main.storyboard; sourceTree = "<group>"; };
		6E3ADB5326C858F10001AA54 /* Question.swift */ = {isa = PBXFileReference; fileEncoding = 4; lastKnownFileType = sourcecode.swift; path = Question.swift; sourceTree = "<group>"; };
		6E3ADB5426C858F20001AA54 /* QuizBrain.swift */ = {isa = PBXFileReference; fileEncoding = 4; lastKnownFileType = sourcecode.swift; path = QuizBrain.swift; sourceTree = "<group>"; };
		6E3ADB5826C859110001AA54 /* ViewController.swift */ = {isa = PBXFileReference; fileEncoding = 4; lastKnownFileType = sourcecode.swift; name = ViewController.swift; path = "../../../quizzler copy/quizzler/Controller/ViewController.swift"; sourceTree = "<group>"; };
		6E3ADB5A26C859210001AA54 /* LaunchScreen.storyboard */ = {isa = PBXFileReference; fileEncoding = 4; lastKnownFileType = file.storyboard; path = LaunchScreen.storyboard; sourceTree = "<group>"; };
		6E3ADB5C26C859320001AA54 /* Assets.xcassets */ = {isa = PBXFileReference; lastKnownFileType = folder.assetcatalog; name = Assets.xcassets; path = "../../quizzler copy/quizzler/Assets.xcassets"; sourceTree = "<group>"; };
/* End PBXFileReference section */

/* Begin PBXFrameworksBuildPhase section */
		6E3ADB3526C858990001AA54 /* Frameworks */ = {
			isa = PBXFrameworksBuildPhase;
			buildActionMask = 2147483647;
			files = (
			);
			runOnlyForDeploymentPostprocessing = 0;
		};
/* End PBXFrameworksBuildPhase section */

/* Begin PBXGroup section */
		6E3ADB2F26C858990001AA54 = {
			isa = PBXGroup;
			children = (
				6E3ADB3A26C858990001AA54 /* quizzler */,
				6E3ADB3926C858990001AA54 /* Products */,
			);
			sourceTree = "<group>";
		};
		6E3ADB3926C858990001AA54 /* Products */ = {
			isa = PBXGroup;
			children = (
				6E3ADB3826C858990001AA54 /* quizzler.app */,
			);
			name = Products;
			sourceTree = "<group>";
		};
		6E3ADB3A26C858990001AA54 /* quizzler */ = {
			isa = PBXGroup;
			children = (
				6E3ADB5C26C859320001AA54 /* Assets.xcassets */,
				6E3ADB5A26C859210001AA54 /* LaunchScreen.storyboard */,
				6E3ADB5726C858F90001AA54 /* Controller */,
				6E3ADB5226C858DA0001AA54 /* Model */,
				6E3ADB4F26C858A50001AA54 /* View */,
				6E3ADB3B26C858990001AA54 /* AppDelegate.swift */,
				6E3ADB3D26C858990001AA54 /* SceneDelegate.swift */,
				6E3ADB4926C8589B0001AA54 /* Info.plist */,
			);
			path = quizzler;
			sourceTree = "<group>";
		};
		6E3ADB4F26C858A50001AA54 /* View */ = {
			isa = PBXGroup;
			children = (
				6E3ADB5026C858CB0001AA54 /* Main.storyboard */,
			);
			path = View;
			sourceTree = "<group>";
		};
		6E3ADB5226C858DA0001AA54 /* Model */ = {
			isa = PBXGroup;
			children = (
				6E3ADB5326C858F10001AA54 /* Question.swift */,
				6E3ADB5426C858F20001AA54 /* QuizBrain.swift */,
			);
			path = Model;
			sourceTree = "<group>";
		};
		6E3ADB5726C858F90001AA54 /* Controller */ = {
			isa = PBXGroup;
			children = (
				6E3ADB5826C859110001AA54 /* ViewController.swift */,
			);
			path = Controller;
			sourceTree = "<group>";
		};
/* End PBXGroup section */

/* Begin PBXNativeTarget section */
		6E3ADB3726C858990001AA54 /* quizzler */ = {
			isa = PBXNativeTarget;
			buildConfigurationList = 6E3ADB4C26C8589B0001AA54 /* Build configuration list for PBXNativeTarget "quizzler" */;
			buildPhases = (
				6E3ADB3426C858990001AA54 /* Sources */,
				6E3ADB3526C858990001AA54 /* Frameworks */,
				6E3ADB3626C858990001AA54 /* Resources */,
			);
			buildRules = (
			);
			dependencies = (
			);
			name = quizzler;
			productName = quizzler;
			productReference = 6E3ADB3826C858990001AA54 /* quizzler.app */;
			productType = "com.apple.product-type.application";
		};
/* End PBXNativeTarget section */

/* Begin PBXProject section */
		6E3ADB3026C858990001AA54 /* Project object */ = {
			isa = PBXProject;
			attributes = {
				LastSwiftUpdateCheck = 1250;
				LastUpgradeCheck = 1250;
				TargetAttributes = {
					6E3ADB3726C858990001AA54 = {
						CreatedOnToolsVersion = 12.5.1;
					};
				};
			};
			buildConfigurationList = 6E3ADB3326C858990001AA54 /* Build configuration list for PBXProject "quizzler" */;
			compatibilityVersion = "Xcode 9.3";
			developmentRegion = en;
			hasScannedForEncodings = 0;
			knownRegions = (
				en,
				Base,
			);
			mainGroup = 6E3ADB2F26C858990001AA54;
			productRefGroup = 6E3ADB3926C858990001AA54 /* Products */;
			projectDirPath = "";
			projectRoot = "";
			targets = (
				6E3ADB3726C858990001AA54 /* quizzler */,
			);
		};
/* End PBXProject section */

/* Begin PBXResourcesBuildPhase section */
		6E3ADB3626C858990001AA54 /* Resources */ = {
			isa = PBXResourcesBuildPhase;
			buildActionMask = 2147483647;
			files = (
				6E3ADB5B26C859210001AA54 /* LaunchScreen.storyboard in Resources */,
				6E3ADB5D26C859330001AA54 /* Assets.xcassets in Resources */,
				6E3ADB5126C858CB0001AA54 /* Main.storyboard in Resources */,
			);
			runOnlyForDeploymentPostprocessing = 0;
		};
/* End PBXResourcesBuildPhase section */

/* Begin PBXSourcesBuildPhase section */
		6E3ADB3426C858990001AA54 /* Sources */ = {
			isa = PBXSourcesBuildPhase;
			buildActionMask = 2147483647;
			files = (
				6E3ADB5926C859110001AA54 /* ViewController.swift in Sources */,
				6E3ADB5626C858F20001AA54 /* QuizBrain.swift in Sources */,
				6E3ADB5526C858F20001AA54 /* Question.swift in Sources */,
				6E3ADB3C26C858990001AA54 /* AppDelegate.swift in Sources */,
				6E3ADB3E26C858990001AA54 /* SceneDelegate.swift in Sources */,
			);
			runOnlyForDeploymentPostprocessing = 0;
		};
/* End PBXSourcesBuildPhase section */

/* Begin XCBuildConfiguration section */
		6E3ADB4A26C8589B0001AA54 /* Debug */ = {
			isa = XCBuildConfiguration;
			buildSettings = {
				ALWAYS_SEARCH_USER_PATHS = NO;
				CLANG_ANALYZER_NONNULL = YES;
				CLANG_ANALYZER_NUMBER_OBJECT_CONVERSION = YES_AGGRESSIVE;
				CLANG_CXX_LANGUAGE_STANDARD = "gnu++14";
				CLANG_CXX_LIBRARY = "libc++";
				CLANG_ENABLE_MODULES = YES;
				CLANG_ENABLE_OBJC_ARC = YES;
				CLANG_ENABLE_OBJC_WEAK = YES;
				CLANG_WARN_BLOCK_CAPTURE_AUTORELEASING = YES;
				CLANG_WARN_BOOL_CONVERSION = YES;
				CLANG_WARN_COMMA = YES;
				CLANG_WARN_CONSTANT_CONVERSION = YES;
				CLANG_WARN_DEPRECATED_OBJC_IMPLEMENTATIONS = YES;
				CLANG_WARN_DIRECT_OBJC_ISA_USAGE = YES_ERROR;
				CLANG_WARN_DOCUMENTATION_COMMENTS = YES;
				CLANG_WARN_EMPTY_BODY = YES;
				CLANG_WARN_ENUM_CONVERSION = YES;
				CLANG_WARN_INFINITE_RECURSION = YES;
				CLANG_WARN_INT_CONVERSION = YES;
				CLANG_WARN_NON_LITERAL_NULL_CONVERSION = YES;
				CLANG_WARN_OBJC_IMPLICIT_RETAIN_SELF = YES;
				CLANG_WARN_OBJC_LITERAL_CONVERSION = YES;
				CLANG_WARN_OBJC_ROOT_CLASS = YES_ERROR;
				CLANG_WARN_QUOTED_INCLUDE_IN_FRAMEWORK_HEADER = YES;
				CLANG_WARN_RANGE_LOOP_ANALYSIS = YES;
				CLANG_WARN_STRICT_PROTOTYPES = YES;
				CLANG_WARN_SUSPICIOUS_MOVE = YES;
				CLANG_WARN_UNGUARDED_AVAILABILITY = YES_AGGRESSIVE;
				CLANG_WARN_UNREACHABLE_CODE = YES;
				CLANG_WARN__DUPLICATE_METHOD_MATCH = YES;
				COPY_PHASE_STRIP = NO;
				DEBUG_INFORMATION_FORMAT = dwarf;
				ENABLE_STRICT_OBJC_MSGSEND = YES;
				ENABLE_TESTABILITY = YES;
				GCC_C_LANGUAGE_STANDARD = gnu11;
				GCC_DYNAMIC_NO_PIC = NO;
				GCC_NO_COMMON_BLOCKS = YES;
				GCC_OPTIMIZATION_LEVEL = 0;
				GCC_PREPROCESSOR_DEFINITIONS = (
					"DEBUG=1",
					"$(inherited)",
				);
				GCC_WARN_64_TO_32_BIT_CONVERSION = YES;
				GCC_WARN_ABOUT_RETURN_TYPE = YES_ERROR;
				GCC_WARN_UNDECLARED_SELECTOR = YES;
				GCC_WARN_UNINITIALIZED_AUTOS = YES_AGGRESSIVE;
				GCC_WARN_UNUSED_FUNCTION = YES;
				GCC_WARN_UNUSED_VARIABLE = YES;
				IPHONEOS_DEPLOYMENT_TARGET = 14.5;
				MTL_ENABLE_DEBUG_INFO = INCLUDE_SOURCE;
				MTL_FAST_MATH = YES;
				ONLY_ACTIVE_ARCH = YES;
				SDKROOT = iphoneos;
				SWIFT_ACTIVE_COMPILATION_CONDITIONS = DEBUG;
				SWIFT_OPTIMIZATION_LEVEL = "-Onone";
			};
			name = Debug;
		};
		6E3ADB4B26C8589B0001AA54 /* Release */ = {
			isa = XCBuildConfiguration;
			buildSettings = {
				ALWAYS_SEARCH_USER_PATHS = NO;
				CLANG_ANALYZER_NONNULL = YES;
				CLANG_ANALYZER_NUMBER_OBJECT_CONVERSION = YES_AGGRESSIVE;
				CLANG_CXX_LANGUAGE_STANDARD = "gnu++14";
				CLANG_CXX_LIBRARY = "libc++";
				CLANG_ENABLE_MODULES = YES;
				CLANG_ENABLE_OBJC_ARC = YES;
				CLANG_ENABLE_OBJC_WEAK = YES;
				CLANG_WARN_BLOCK_CAPTURE_AUTORELEASING = YES;
				CLANG_WARN_BOOL_CONVERSION = YES;
				CLANG_WARN_COMMA = YES;
				CLANG_WARN_CONSTANT_CONVERSION = YES;
				CLANG_WARN_DEPRECATED_OBJC_IMPLEMENTATIONS = YES;
				CLANG_WARN_DIRECT_OBJC_ISA_USAGE = YES_ERROR;
				CLANG_WARN_DOCUMENTATION_COMMENTS = YES;
				CLANG_WARN_EMPTY_BODY = YES;
				CLANG_WARN_ENUM_CONVERSION = YES;
				CLANG_WARN_INFINITE_RECURSION = YES;
				CLANG_WARN_INT_CONVERSION = YES;
				CLANG_WARN_NON_LITERAL_NULL_CONVERSION = YES;
				CLANG_WARN_OBJC_IMPLICIT_RETAIN_SELF = YES;
				CLANG_WARN_OBJC_LITERAL_CONVERSION = YES;
				CLANG_WARN_OBJC_ROOT_CLASS = YES_ERROR;
				CLANG_WARN_QUOTED_INCLUDE_IN_FRAMEWORK_HEADER = YES;
				CLANG_WARN_RANGE_LOOP_ANALYSIS = YES;
				CLANG_WARN_STRICT_PROTOTYPES = YES;
				CLANG_WARN_SUSPICIOUS_MOVE = YES;
				CLANG_WARN_UNGUARDED_AVAILABILITY = YES_AGGRESSIVE;
				CLANG_WARN_UNREACHABLE_CODE = YES;
				CLANG_WARN__DUPLICATE_METHOD_MATCH = YES;
				COPY_PHASE_STRIP = NO;
				DEBUG_INFORMATION_FORMAT = "dwarf-with-dsym";
				ENABLE_NS_ASSERTIONS = NO;
				ENABLE_STRICT_OBJC_MSGSEND = YES;
				GCC_C_LANGUAGE_STANDARD = gnu11;
				GCC_NO_COMMON_BLOCKS = YES;
				GCC_WARN_64_TO_32_BIT_CONVERSION = YES;
				GCC_WARN_ABOUT_RETURN_TYPE = YES_ERROR;
				GCC_WARN_UNDECLARED_SELECTOR = YES;
				GCC_WARN_UNINITIALIZED_AUTOS = YES_AGGRESSIVE;
				GCC_WARN_UNUSED_FUNCTION = YES;
				GCC_WARN_UNUSED_VARIABLE = YES;
				IPHONEOS_DEPLOYMENT_TARGET = 14.5;
				MTL_ENABLE_DEBUG_INFO = NO;
				MTL_FAST_MATH = YES;
				SDKROOT = iphoneos;
				SWIFT_COMPILATION_MODE = wholemodule;
				SWIFT_OPTIMIZATION_LEVEL = "-O";
				VALIDATE_PRODUCT = YES;
			};
			name = Release;
		};
		6E3ADB4D26C8589B0001AA54 /* Debug */ = {
			isa = XCBuildConfiguration;
			buildSettings = {
				ASSETCATALOG_COMPILER_APPICON_NAME = AppIcon;
				ASSETCATALOG_COMPILER_GLOBAL_ACCENT_COLOR_NAME = AccentColor;
				CODE_SIGN_STYLE = Automatic;
				DEVELOPMENT_TEAM = 2K4JLF9L6Q;
				INFOPLIST_FILE = quizzler/Info.plist;
				LD_RUNPATH_SEARCH_PATHS = (
					"$(inherited)",
					"@executable_path/Frameworks",
				);
				PRODUCT_BUNDLE_IDENTIFIER = cyberwake.quizzler;
				PRODUCT_NAME = "$(TARGET_NAME)";
				SWIFT_VERSION = 5.0;
				TARGETED_DEVICE_FAMILY = "1,2";
			};
			name = Debug;
		};
		6E3ADB4E26C8589B0001AA54 /* Release */ = {
			isa = XCBuildConfiguration;
			buildSettings = {
				ASSETCATALOG_COMPILER_APPICON_NAME = AppIcon;
				ASSETCATALOG_COMPILER_GLOBAL_ACCENT_COLOR_NAME = AccentColor;
				CODE_SIGN_STYLE = Automatic;
				DEVELOPMENT_TEAM = 2K4JLF9L6Q;
				INFOPLIST_FILE = quizzler/Info.plist;
				LD_RUNPATH_SEARCH_PATHS = (
					"$(inherited)",
					"@executable_path/Frameworks",
				);
				PRODUCT_BUNDLE_IDENTIFIER = cyberwake.quizzler;
				PRODUCT_NAME = "$(TARGET_NAME)";
				SWIFT_VERSION = 5.0;
				TARGETED_DEVICE_FAMILY = "1,2";
			};
			name = Release;
		};
/* End XCBuildConfiguration section */

/* Begin XCConfigurationList section */
		6E3ADB3326C858990001AA54 /* Build configuration list for PBXProject "quizzler" */ = {
			isa = XCConfigurationList;
			buildConfigurations = (
				6E3ADB4A26C8589B0001AA54 /* Debug */,
				6E3ADB4B26C8589B0001AA54 /* Release */,
			);
			defaultConfigurationIsVisible = 0;
			defaultConfigurationName = Release;
		};
		6E3ADB4C26C8589B0001AA54 /* Build configuration list for PBXNativeTarget "quizzler" */ = {
			isa = XCConfigurationList;
			buildConfigurations = (
				6E3ADB4D26C8589B0001AA54 /* Debug */,
				6E3ADB4E26C8589B0001AA54 /* Release */,
			);
			defaultConfigurationIsVisible = 0;
			defaultConfigurationName = Release;
		};
/* End XCConfigurationList section */
	};
	rootObject = 6E3ADB3026C858990001AA54 /* Project object */;
}
